
Microsoft Visual Studio Solution File, Format Version 12.00
# Visual Studio Version 16
VisualStudioVersion = 16.0.29806.167
MinimumVisualStudioVersion = 10.0.40219.1
Project("{FAE04EC0-301F-11D3-BF4B-00C04F79EFBC}") = "signalRDemo_Core", "signalRDemo_Core\signalRDemo_Core.csproj", "{B89391BD-1BF7-46E9-99D1-FEA48D8F82F2}"
EndProject
Global
	GlobalSection(SolutionConfigurationPlatforms) = preSolution
		Debug|Any CPU = Debug|Any CPU
		Release|Any CPU = Release|Any CPU
	EndGlobalSection
	GlobalSection(ProjectConfigurationPlatforms) = postSolution
		{B89391BD-1BF7-46E9-99D1-FEA48D8F82F2}.Debug|Any CPU.ActiveCfg = Debug|Any CPU
		{B89391BD-1BF7-46E9-99D1-FEA48D8F82F2}.Debug|Any CPU.Build.0 = Debug|Any CPU
		{B89391BD-1BF7-46E9-99D1-FEA48D8F82F2}.Release|Any CPU.ActiveCfg = Release|Any CPU
		{B89391BD-1BF7-46E9-99D1-FEA48D8F82F2}.Release|Any CPU.Build.0 = Release|Any CPU
	EndGlobalSection
	GlobalSection(SolutionProperties) = preSolution
		HideSolutionNode = FALSE
	EndGlobalSection
	GlobalSection(ExtensibilityGlobals) = postSolution
		SolutionGuid = {80C5FE23-8277-4112-AE9F-8B1EDACF7246}
	EndGlobalSection
EndGlobal
